
Microsoft Visual Studio Solution File, Format Version 12.00
# Visual Studio 2013
VisualStudioVersion = 12.0.30110.0
MinimumVisualStudioVersion = 10.0.40219.1
Project("{FAE04EC0-301F-11D3-BF4B-00C04F79EFBC}") = "InjectionMap", "src\InjectionMap\InjectionMap.csproj", "{6572ABE8-5AB4-49D2-9FAC-A35851087D0E}"
EndProject
Project("{2150E333-8FDC-42A3-9474-1A3956D46DE8}") = "Tests", "Tests", "{26358A6E-0241-4C1C-A961-94B3ABF8A332}"
EndProject
Project("{FAE04EC0-301F-11D3-BF4B-00C04F79EFBC}") = "InjectionMap.Test", "src\InjectionMap.Test\InjectionMap.Test.csproj", "{F2FF5FB5-753C-4A8C-AE94-79BA29CC691F}"
EndProject
Project("{2150E333-8FDC-42A3-9474-1A3956D46DE8}") = ".nuget", ".nuget", "{E2A4FA37-FE93-4BC4-952E-8BCF917158FC}"
	ProjectSection(SolutionItems) = preProject
		.nuget\packages.config = .nuget\packages.config
	EndProjectSection
EndProject
Project("{FAE04EC0-301F-11D3-BF4B-00C04F79EFBC}") = "InjectionMap.Test.Integration", "src\InjectionMap.Test.Integration\InjectionMap.Test.Integration.csproj", "{932E8A96-09D6-4B14-8969-F4BCDE96F650}"
EndProject
Global
	GlobalSection(SolutionConfigurationPlatforms) = preSolution
		Debug|Any CPU = Debug|Any CPU
		Release|Any CPU = Release|Any CPU
	EndGlobalSection
	GlobalSection(ProjectConfigurationPlatforms) = postSolution
		{6572ABE8-5AB4-49D2-9FAC-A35851087D0E}.Debug|Any CPU.ActiveCfg = Debug|Any CPU
		{6572ABE8-5AB4-49D2-9FAC-A35851087D0E}.Debug|Any CPU.Build.0 = Debug|Any CPU
		{6572ABE8-5AB4-49D2-9FAC-A35851087D0E}.Release|Any CPU.ActiveCfg = Release|Any CPU
		{6572ABE8-5AB4-49D2-9FAC-A35851087D0E}.Release|Any CPU.Build.0 = Release|Any CPU
		{F2FF5FB5-753C-4A8C-AE94-79BA29CC691F}.Debug|Any CPU.ActiveCfg = Debug|Any CPU
		{F2FF5FB5-753C-4A8C-AE94-79BA29CC691F}.Debug|Any CPU.Build.0 = Debug|Any CPU
		{F2FF5FB5-753C-4A8C-AE94-79BA29CC691F}.Release|Any CPU.ActiveCfg = Release|Any CPU
		{F2FF5FB5-753C-4A8C-AE94-79BA29CC691F}.Release|Any CPU.Build.0 = Release|Any CPU
		{932E8A96-09D6-4B14-8969-F4BCDE96F650}.Debug|Any CPU.ActiveCfg = Debug|Any CPU
		{932E8A96-09D6-4B14-8969-F4BCDE96F650}.Debug|Any CPU.Build.0 = Debug|Any CPU
		{932E8A96-09D6-4B14-8969-F4BCDE96F650}.Release|Any CPU.ActiveCfg = Release|Any CPU
		{932E8A96-09D6-4B14-8969-F4BCDE96F650}.Release|Any CPU.Build.0 = Release|Any CPU
	EndGlobalSection
	GlobalSection(SolutionProperties) = preSolution
		HideSolutionNode = FALSE
	EndGlobalSection
	GlobalSection(NestedProjects) = preSolution
		{F2FF5FB5-753C-4A8C-AE94-79BA29CC691F} = {26358A6E-0241-4C1C-A961-94B3ABF8A332}
		{932E8A96-09D6-4B14-8969-F4BCDE96F650} = {26358A6E-0241-4C1C-A961-94B3ABF8A332}
	EndGlobalSection
EndGlobal
