
Microsoft Visual Studio Solution File, Format Version 12.00
# Visual Studio 2013
VisualStudioVersion = 12.0.30110.0
MinimumVisualStudioVersion = 10.0.40219.1
Project("{FAE04EC0-301F-11D3-BF4B-00C04F79EFBC}") = "InjectionMap", "src\InjectionMap\InjectionMap.csproj", "{6572ABE8-5AB4-49D2-9FAC-A35851087D0E}"
EndProject
Project("{2150E333-8FDC-42A3-9474-1A3956D46DE8}") = "Tests", "Tests", "{26358A6E-0241-4C1C-A961-94B3ABF8A332}"
EndProject
Project("{FAE04EC0-301F-11D3-BF4B-00C04F79EFBC}") = "InjectionMap.UnitTests", "src\Tests\InjectionMap.Test\InjectionMap.UnitTests.csproj", "{F2FF5FB5-753C-4A8C-AE94-79BA29CC691F}"
EndProject
Project("{FAE04EC0-301F-11D3-BF4B-00C04F79EFBC}") = "InjectionMap.Test.Integration", "src\Tests\InjectionMap.Test.Integration\InjectionMap.Test.Integration.csproj", "{932E8A96-09D6-4B14-8969-F4BCDE96F650}"
EndProject
Project("{FAE04EC0-301F-11D3-BF4B-00C04F79EFBC}") = "InjectionMap.Test.Integration.SL5", "src\Tests\InjectionMap.Test.Integration.SL5\InjectionMap.Test.Integration.SL5.csproj", "{8F822362-E280-4D68-99C6-E88063DBB3B9}"
EndProject
Project("{FAE04EC0-301F-11D3-BF4B-00C04F79EFBC}") = "InjectionMap.Test.SL5", "src\Tests\InjectionMap.Test.SL5\InjectionMap.Test.SL5.csproj", "{C6B7A5CD-CB4A-46D0-B10E-F0961A1564B7}"
EndProject
Project("{2150E333-8FDC-42A3-9474-1A3956D46DE8}") = "Solution Items", "Solution Items", "{A22F770C-052C-449D-88BA-871CB38406F6}"
	ProjectSection(SolutionItems) = preProject
		src\InjectionMap.nuspec = src\InjectionMap.nuspec
		License.txt = License.txt
		README.md = README.md
	EndProjectSection
EndProject
Project("{FAE04EC0-301F-11D3-BF4B-00C04F79EFBC}") = "InjectionMap.Integration.UnitTests", "src\Tests\InjectionMap.Integration.UnitTests\InjectionMap.Integration.UnitTests.csproj", "{59A7C391-0631-4ABF-A239-4C69EBC1BC58}"
EndProject
Global
	GlobalSection(SolutionConfigurationPlatforms) = preSolution
		Debug|Any CPU = Debug|Any CPU
		Release|Any CPU = Release|Any CPU
	EndGlobalSection
	GlobalSection(ProjectConfigurationPlatforms) = postSolution
		{6572ABE8-5AB4-49D2-9FAC-A35851087D0E}.Debug|Any CPU.ActiveCfg = Debug|Any CPU
		{6572ABE8-5AB4-49D2-9FAC-A35851087D0E}.Debug|Any CPU.Build.0 = Debug|Any CPU
		{6572ABE8-5AB4-49D2-9FAC-A35851087D0E}.Release|Any CPU.ActiveCfg = Release|Any CPU
		{6572ABE8-5AB4-49D2-9FAC-A35851087D0E}.Release|Any CPU.Build.0 = Release|Any CPU
		{F2FF5FB5-753C-4A8C-AE94-79BA29CC691F}.Debug|Any CPU.ActiveCfg = Debug|Any CPU
		{F2FF5FB5-753C-4A8C-AE94-79BA29CC691F}.Debug|Any CPU.Build.0 = Debug|Any CPU
		{F2FF5FB5-753C-4A8C-AE94-79BA29CC691F}.Release|Any CPU.ActiveCfg = Release|Any CPU
		{F2FF5FB5-753C-4A8C-AE94-79BA29CC691F}.Release|Any CPU.Build.0 = Release|Any CPU
		{932E8A96-09D6-4B14-8969-F4BCDE96F650}.Debug|Any CPU.ActiveCfg = Debug|Any CPU
		{932E8A96-09D6-4B14-8969-F4BCDE96F650}.Debug|Any CPU.Build.0 = Debug|Any CPU
		{932E8A96-09D6-4B14-8969-F4BCDE96F650}.Release|Any CPU.ActiveCfg = Release|Any CPU
		{932E8A96-09D6-4B14-8969-F4BCDE96F650}.Release|Any CPU.Build.0 = Release|Any CPU
		{8F822362-E280-4D68-99C6-E88063DBB3B9}.Debug|Any CPU.ActiveCfg = Debug|Any CPU
		{8F822362-E280-4D68-99C6-E88063DBB3B9}.Debug|Any CPU.Build.0 = Debug|Any CPU
		{8F822362-E280-4D68-99C6-E88063DBB3B9}.Release|Any CPU.ActiveCfg = Release|Any CPU
		{8F822362-E280-4D68-99C6-E88063DBB3B9}.Release|Any CPU.Build.0 = Release|Any CPU
		{C6B7A5CD-CB4A-46D0-B10E-F0961A1564B7}.Debug|Any CPU.ActiveCfg = Debug|Any CPU
		{C6B7A5CD-CB4A-46D0-B10E-F0961A1564B7}.Debug|Any CPU.Build.0 = Debug|Any CPU
		{C6B7A5CD-CB4A-46D0-B10E-F0961A1564B7}.Release|Any CPU.ActiveCfg = Release|Any CPU
		{C6B7A5CD-CB4A-46D0-B10E-F0961A1564B7}.Release|Any CPU.Build.0 = Release|Any CPU
		{59A7C391-0631-4ABF-A239-4C69EBC1BC58}.Debug|Any CPU.ActiveCfg = Debug|Any CPU
		{59A7C391-0631-4ABF-A239-4C69EBC1BC58}.Debug|Any CPU.Build.0 = Debug|Any CPU
		{59A7C391-0631-4ABF-A239-4C69EBC1BC58}.Release|Any CPU.ActiveCfg = Release|Any CPU
		{59A7C391-0631-4ABF-A239-4C69EBC1BC58}.Release|Any CPU.Build.0 = Release|Any CPU
	EndGlobalSection
	GlobalSection(SolutionProperties) = preSolution
		HideSolutionNode = FALSE
	EndGlobalSection
	GlobalSection(NestedProjects) = preSolution
		{F2FF5FB5-753C-4A8C-AE94-79BA29CC691F} = {26358A6E-0241-4C1C-A961-94B3ABF8A332}
		{932E8A96-09D6-4B14-8969-F4BCDE96F650} = {26358A6E-0241-4C1C-A961-94B3ABF8A332}
		{8F822362-E280-4D68-99C6-E88063DBB3B9} = {26358A6E-0241-4C1C-A961-94B3ABF8A332}
		{C6B7A5CD-CB4A-46D0-B10E-F0961A1564B7} = {26358A6E-0241-4C1C-A961-94B3ABF8A332}
		{59A7C391-0631-4ABF-A239-4C69EBC1BC58} = {26358A6E-0241-4C1C-A961-94B3ABF8A332}
	EndGlobalSection
EndGlobal
